
Microsoft Visual Studio Solution File, Format Version 12.00
# Visual Studio 15
VisualStudioVersion = 15.0.27130.2036
MinimumVisualStudioVersion = 10.0.40219.1
Project("{FAE04EC0-301F-11D3-BF4B-00C04F79EFBC}") = "ZzaServices", "ZzaServices\ZzaServices.csproj", "{318E6DBC-B15B-4E2A-BD52-E8CE6C971BDA}"
EndProject
Project("{FAE04EC0-301F-11D3-BF4B-00C04F79EFBC}") = "Zza.Entities", "..\..\..\Downloads\2-wcf-jumpstart-exercise-files\before\Zza.Entities\Zza.Entities.csproj", "{7EC71C6E-E769-4C9E-8327-C72B0724B1B7}"
EndProject
Project("{FAE04EC0-301F-11D3-BF4B-00C04F79EFBC}") = "Zza.Data", "..\..\..\Downloads\2-wcf-jumpstart-exercise-files\before\Zza.Data\Zza.Data.csproj", "{BB1E80DE-E6D1-4E29-BC2D-DB66B81163C5}"
EndProject
Global
	GlobalSection(SolutionConfigurationPlatforms) = preSolution
		Debug|Any CPU = Debug|Any CPU
		Release|Any CPU = Release|Any CPU
	EndGlobalSection
	GlobalSection(ProjectConfigurationPlatforms) = postSolution
		{318E6DBC-B15B-4E2A-BD52-E8CE6C971BDA}.Debug|Any CPU.ActiveCfg = Debug|Any CPU
		{318E6DBC-B15B-4E2A-BD52-E8CE6C971BDA}.Debug|Any CPU.Build.0 = Debug|Any CPU
		{318E6DBC-B15B-4E2A-BD52-E8CE6C971BDA}.Release|Any CPU.ActiveCfg = Release|Any CPU
		{318E6DBC-B15B-4E2A-BD52-E8CE6C971BDA}.Release|Any CPU.Build.0 = Release|Any CPU
		{7EC71C6E-E769-4C9E-8327-C72B0724B1B7}.Debug|Any CPU.ActiveCfg = Debug|Any CPU
		{7EC71C6E-E769-4C9E-8327-C72B0724B1B7}.Debug|Any CPU.Build.0 = Debug|Any CPU
		{7EC71C6E-E769-4C9E-8327-C72B0724B1B7}.Release|Any CPU.ActiveCfg = Release|Any CPU
		{7EC71C6E-E769-4C9E-8327-C72B0724B1B7}.Release|Any CPU.Build.0 = Release|Any CPU
		{BB1E80DE-E6D1-4E29-BC2D-DB66B81163C5}.Debug|Any CPU.ActiveCfg = Debug|Any CPU
		{BB1E80DE-E6D1-4E29-BC2D-DB66B81163C5}.Debug|Any CPU.Build.0 = Debug|Any CPU
		{BB1E80DE-E6D1-4E29-BC2D-DB66B81163C5}.Release|Any CPU.ActiveCfg = Release|Any CPU
		{BB1E80DE-E6D1-4E29-BC2D-DB66B81163C5}.Release|Any CPU.Build.0 = Release|Any CPU
	EndGlobalSection
	GlobalSection(SolutionProperties) = preSolution
		HideSolutionNode = FALSE
	EndGlobalSection
	GlobalSection(ExtensibilityGlobals) = postSolution
		SolutionGuid = {C170D9EE-830D-4FF3-BFA3-89A31D610D1B}
	EndGlobalSection
EndGlobal
